
Microsoft Visual Studio Solution File, Format Version 12.00
# Visual Studio Version 17
VisualStudioVersion = 17.5.33530.505
MinimumVisualStudioVersion = 10.0.40219.1
Project("{FAE04EC0-301F-11D3-BF4B-00C04F79EFBC}") = "TestProject1", "TestProject1\TestProject1.csproj", "{F51E9EB7-A608-4333-84B0-7F51C276BFD2}"
EndProject
Global
	GlobalSection(SolutionConfigurationPlatforms) = preSolution
		Debug|Any CPU = Debug|Any CPU
		Release|Any CPU = Release|Any CPU
	EndGlobalSection
	GlobalSection(ProjectConfigurationPlatforms) = postSolution
		{F51E9EB7-A608-4333-84B0-7F51C276BFD2}.Debug|Any CPU.ActiveCfg = Debug|Any CPU
		{F51E9EB7-A608-4333-84B0-7F51C276BFD2}.Debug|Any CPU.Build.0 = Debug|Any CPU
		{F51E9EB7-A608-4333-84B0-7F51C276BFD2}.Release|Any CPU.ActiveCfg = Release|Any CPU
		{F51E9EB7-A608-4333-84B0-7F51C276BFD2}.Release|Any CPU.Build.0 = Release|Any CPU
	EndGlobalSection
	GlobalSection(SolutionProperties) = preSolution
		HideSolutionNode = FALSE
	EndGlobalSection
	GlobalSection(ExtensibilityGlobals) = postSolution
		SolutionGuid = {EDB5C837-B3EC-47AD-89AF-10FFA6DFA88D}
	EndGlobalSection
EndGlobal
